{
  "name": "layers",
  "version": "1.0.0",
  "lockfileVersion": 3,
  "requires": true,
  "packages": {
    "": {
      "name": "layers",
      "version": "1.0.0",
      "license": "ISC",
      "devDependencies": {
        "@atproto/lexicon": "^0.6.1",
        "@atproto/syntax": "^0.4.3"
      }
    },
    "node_modules/@atproto/common-web": {
      "version": "0.4.17",
      "resolved": "https://registry.npmjs.org/@atproto/common-web/-/common-web-0.4.17.tgz",
      "integrity": "sha512-sfxD8NGxyoxhxmM9EUshEFbWcJ3+JHEOZF4Quk6HsCh1UxpHBmLabT/vEsAkDWl+C/8U0ine0+c/gHyE/OZiQQ==",
      "dev": true,
      "license": "MIT",
      "dependencies": {
        "@atproto/lex-data": "^0.0.12",
        "@atproto/lex-json": "^0.0.12",
        "@atproto/syntax": "^0.4.3",
        "zod": "^3.23.8"
      }
    },
    "node_modules/@atproto/lex-data": {
      "version": "0.0.12",
      "resolved": "https://registry.npmjs.org/@atproto/lex-data/-/lex-data-0.0.12.tgz",
      "integrity": "sha512-aekJudcK1p6sbTqUv2bJMJBAGZaOJS0mgDclpK3U6VuBREK/au4B6ffunBFWgrDfg0Vwj2JGyEA7E51WZkJcRw==",
      "dev": true,
      "license": "MIT",
      "dependencies": {
        "multiformats": "^9.9.0",
        "tslib": "^2.8.1",
        "uint8arrays": "3.0.0",
        "unicode-segmenter": "^0.14.0"
      }
    },
    "node_modules/@atproto/lex-json": {
      "version": "0.0.12",
      "resolved": "https://registry.npmjs.org/@atproto/lex-json/-/lex-json-0.0.12.tgz",
      "integrity": "sha512-XlEpnWWZdDJ5BIgG25GyH+6iBfyrFL18BI5JSE6rUfMObbFMrQRaCuRLQfryRXNysVz3L3U+Qb9y8KcXbE8AcA==",
      "dev": true,
      "license": "MIT",
      "dependencies": {
        "@atproto/lex-data": "^0.0.12",
        "tslib": "^2.8.1"
      }
    },
    "node_modules/@atproto/lexicon": {
      "version": "0.6.1",
      "resolved": "https://registry.npmjs.org/@atproto/lexicon/-/lexicon-0.6.1.tgz",
      "integrity": "sha512-/vI1kVlY50Si+5MXpvOucelnYwb0UJ6Qto5mCp+7Q5C+Jtp+SoSykAPVvjVtTnQUH2vrKOFOwpb3C375vSKzXw==",
      "dev": true,
      "license": "MIT",
      "dependencies": {
        "@atproto/common-web": "^0.4.13",
        "@atproto/syntax": "^0.4.3",
        "iso-datestring-validator": "^2.2.2",
        "multiformats": "^9.9.0",
        "zod": "^3.23.8"
      }
    },
    "node_modules/@atproto/syntax": {
      "version": "0.4.3",
      "resolved": "https://registry.npmjs.org/@atproto/syntax/-/syntax-0.4.3.tgz",
      "integrity": "sha512-YoZUz40YAJr5nPwvCDWgodEOlt5IftZqPJvA0JDWjuZKD8yXddTwSzXSaKQAzGOpuM+/A3uXRtPzJJqlScc+iA==",
      "dev": true,
      "license": "MIT",
      "dependencies": {
        "tslib": "^2.8.1"
      }
    },
    "node_modules/iso-datestring-validator": {
      "version": "2.2.2",
      "resolved": "https://registry.npmjs.org/iso-datestring-validator/-/iso-datestring-validator-2.2.2.tgz",
      "integrity": "sha512-yLEMkBbLZTlVQqOnQ4FiMujR6T4DEcCb1xizmvXS+OxuhwcbtynoosRzdMA69zZCShCNAbi+gJ71FxZBBXx1SA==",
      "dev": true,
      "license": "MIT"
    },
    "node_modules/multiformats": {
      "version": "9.9.0",
      "resolved": "https://registry.npmjs.org/multiformats/-/multiformats-9.9.0.tgz",
      "integrity": "sha512-HoMUjhH9T8DDBNT+6xzkrd9ga/XiBI4xLr58LJACwK6G3HTOPeMz4nB4KJs33L2BelrIJa7P0VuNaVF3hMYfjg==",
      "dev": true,
      "license": "(Apache-2.0 AND MIT)"
    },
    "node_modules/tslib": {
      "version": "2.8.1",
      "resolved": "https://registry.npmjs.org/tslib/-/tslib-2.8.1.tgz",
      "integrity": "sha512-oJFu94HQb+KVduSUQL7wnpmqnfmLsOA/nAh6b6EH0wCEoK0/mPeXU6c3wKDV83MkOuHPRHtSXKKU99IBazS/2w==",
      "dev": true,
      "license": "0BSD"
    },
    "node_modules/uint8arrays": {
      "version": "3.0.0",
      "resolved": "https://registry.npmjs.org/uint8arrays/-/uint8arrays-3.0.0.tgz",
      "integrity": "sha512-HRCx0q6O9Bfbp+HHSfQQKD7wU70+lydKVt4EghkdOvlK/NlrF90z+eXV34mUd48rNvVJXwkrMSPpCATkct8fJA==",
      "dev": true,
      "license": "MIT",
      "dependencies": {
        "multiformats": "^9.4.2"
      }
    },
    "node_modules/unicode-segmenter": {
      "version": "0.14.5",
      "resolved": "https://registry.npmjs.org/unicode-segmenter/-/unicode-segmenter-0.14.5.tgz",
      "integrity": "sha512-jHGmj2LUuqDcX3hqY12Ql+uhUTn8huuxNZGq7GvtF6bSybzH3aFgedYu/KTzQStEgt1Ra2F3HxadNXsNjb3m3g==",
      "dev": true,
      "license": "MIT"
    },
    "node_modules/zod": {
      "version": "3.25.76",
      "resolved": "https://registry.npmjs.org/zod/-/zod-3.25.76.tgz",
      "integrity": "sha512-gzUt/qt81nXsFGKIFcC3YnfEAx5NkunCfnDlvuBSSFS02bcXu4Lmea0AFIUwbLWxWPx3d9p8S5QoaujKcNQxcQ==",
      "dev": true,
      "license": "MIT",
      "funding": {
        "url": "https://github.com/sponsors/colinhacks"
      }
    }
  }
}
